
Microsoft Visual Studio Solution File, Format Version 12.00
# Visual Studio Version 16
VisualStudioVersion = 16.0.31321.278
MinimumVisualStudioVersion = 10.0.40219.1
Project("{9A19103F-16F7-4668-BE54-9A1E7A4F7556}") = "primeiroForms", "primeiroForms\primeiroForms.csproj", "{A0C5E7D2-F597-43B4-B5A5-37AA50E15991}"
EndProject
Project("{9A19103F-16F7-4668-BE54-9A1E7A4F7556}") = "Exercício2_Q3.3", "Exercício2_Q3.3\Exercício2_Q3.3.csproj", "{52BCE82B-EFE2-453C-8101-1DE9AA78D6A5}"
EndProject
Project("{FAE04EC0-301F-11D3-BF4B-00C04F79EFBC}") = "primeiroCrud", "primeiroCrud\primeiroCrud.csproj", "{169BE522-A181-4EA6-B01C-58A1BB0BF1D4}"
EndProject
Global
	GlobalSection(SolutionConfigurationPlatforms) = preSolution
		Debug|Any CPU = Debug|Any CPU
		Release|Any CPU = Release|Any CPU
	EndGlobalSection
	GlobalSection(ProjectConfigurationPlatforms) = postSolution
		{A0C5E7D2-F597-43B4-B5A5-37AA50E15991}.Debug|Any CPU.ActiveCfg = Debug|Any CPU
		{A0C5E7D2-F597-43B4-B5A5-37AA50E15991}.Debug|Any CPU.Build.0 = Debug|Any CPU
		{A0C5E7D2-F597-43B4-B5A5-37AA50E15991}.Release|Any CPU.ActiveCfg = Release|Any CPU
		{A0C5E7D2-F597-43B4-B5A5-37AA50E15991}.Release|Any CPU.Build.0 = Release|Any CPU
		{52BCE82B-EFE2-453C-8101-1DE9AA78D6A5}.Debug|Any CPU.ActiveCfg = Debug|Any CPU
		{52BCE82B-EFE2-453C-8101-1DE9AA78D6A5}.Debug|Any CPU.Build.0 = Debug|Any CPU
		{52BCE82B-EFE2-453C-8101-1DE9AA78D6A5}.Release|Any CPU.ActiveCfg = Release|Any CPU
		{52BCE82B-EFE2-453C-8101-1DE9AA78D6A5}.Release|Any CPU.Build.0 = Release|Any CPU
		{169BE522-A181-4EA6-B01C-58A1BB0BF1D4}.Debug|Any CPU.ActiveCfg = Debug|Any CPU
		{169BE522-A181-4EA6-B01C-58A1BB0BF1D4}.Debug|Any CPU.Build.0 = Debug|Any CPU
		{169BE522-A181-4EA6-B01C-58A1BB0BF1D4}.Release|Any CPU.ActiveCfg = Release|Any CPU
		{169BE522-A181-4EA6-B01C-58A1BB0BF1D4}.Release|Any CPU.Build.0 = Release|Any CPU
	EndGlobalSection
	GlobalSection(SolutionProperties) = preSolution
		HideSolutionNode = FALSE
	EndGlobalSection
	GlobalSection(ExtensibilityGlobals) = postSolution
		SolutionGuid = {CCC2E6DC-E5DF-45EA-8021-FF527E8288E6}
	EndGlobalSection
EndGlobal
