
Microsoft Visual Studio Solution File, Format Version 12.00
# Visual Studio Version 16
VisualStudioVersion = 16.0.31321.278
MinimumVisualStudioVersion = 10.0.40219.1
Project("{9A19103F-16F7-4668-BE54-9A1E7A4F7556}") = "Exercícios1_Q1", "Exercícios1_Q1\Exercícios1_Q1.csproj", "{946B34BC-FE31-4660-8386-ED5D6673EFE5}"
EndProject
Project("{9A19103F-16F7-4668-BE54-9A1E7A4F7556}") = "Exercícios1_Q2", "Exercício1_Q2\Exercícios1_Q2.csproj", "{54546293-ABEF-43C1-88D5-9D0D887173CD}"
EndProject
Project("{9A19103F-16F7-4668-BE54-9A1E7A4F7556}") = "Exercícios1_Q3", "Exercício1_Q3\Exercícios1_Q3.csproj", "{F4E1D393-EA56-44FA-B7BC-90AEF27E2547}"
EndProject
Project("{9A19103F-16F7-4668-BE54-9A1E7A4F7556}") = "Exercícios1_Q4", "Exercícios1_Q4\Exercícios1_Q4.csproj", "{87046976-EBB3-4C87-8F76-B70AD6DE08BD}"
EndProject
Project("{9A19103F-16F7-4668-BE54-9A1E7A4F7556}") = "Exercícios1_Q5", "Exercícios1_Q5\Exercícios1_Q5.csproj", "{802C7DEA-281D-437B-90A2-74D338CD88F4}"
EndProject
Project("{9A19103F-16F7-4668-BE54-9A1E7A4F7556}") = "Exercícios1_Q6", "Exercícios1_Q6\Exercícios1_Q6.csproj", "{BA1AF008-D584-49EE-B348-50D10ADF3716}"
EndProject
Project("{9A19103F-16F7-4668-BE54-9A1E7A4F7556}") = "Exercícios1_Q7", "Exercícios1_Q7\Exercícios1_Q7.csproj", "{7AF21B86-8E64-42E3-A5BA-5FC880BFD053}"
EndProject
Project("{9A19103F-16F7-4668-BE54-9A1E7A4F7556}") = "Exercícios1_Q8", "Exercícios1_Q8\Exercícios1_Q8.csproj", "{4B6DC6A7-36A5-401C-A085-595AB3675519}"
EndProject
Project("{9A19103F-16F7-4668-BE54-9A1E7A4F7556}") = "Exercícios1_Q9", "Exercícios1_Q9\Exercícios1_Q9.csproj", "{C07B6FEF-5B4C-49E3-8AFC-A6EB6ACD032E}"
EndProject
Project("{9A19103F-16F7-4668-BE54-9A1E7A4F7556}") = "Exercícios1_Q10", "Exercícios1_Q10\Exercícios1_Q10.csproj", "{C4AA6237-9467-4F84-B31F-1D16BAFE0635}"
EndProject
Project("{9A19103F-16F7-4668-BE54-9A1E7A4F7556}") = "Exercícios2_Q1", "Exercícios2_Q1\Exercícios2_Q1.csproj", "{542EA15B-15DF-4E6E-8641-9D86FEB93B9C}"
EndProject
Project("{9A19103F-16F7-4668-BE54-9A1E7A4F7556}") = "Exercícios2_Q2", "Exercícios2_Q2\Exercícios2_Q2.csproj", "{778493EF-8999-4B95-8060-EEF4FB5BF45B}"
EndProject
Project("{9A19103F-16F7-4668-BE54-9A1E7A4F7556}") = "Exercícios2_Q3", "Exercícios2_Q3\Exercícios2_Q3.csproj", "{913C2DE5-0803-4F79-B84C-E71E92B6918B}"
EndProject
Project("{9A19103F-16F7-4668-BE54-9A1E7A4F7556}") = "Exercícios2_Q4", "Exercícios2_Q4\Exercícios2_Q4.csproj", "{2CB7736B-D18A-4037-AD5C-508AB821B5A2}"
EndProject
Project("{9A19103F-16F7-4668-BE54-9A1E7A4F7556}") = "Exercícios2_Q5", "Exercícios2_Q5\Exercícios2_Q5.csproj", "{EC626D42-98BB-47FF-B426-30DC5E9B9A4D}"
EndProject
Project("{9A19103F-16F7-4668-BE54-9A1E7A4F7556}") = "Exercícios2_Q6", "Exercícios2_Q6\Exercícios2_Q6.csproj", "{FE959860-BAC3-457A-B2F5-075E8D43C49B}"
EndProject
Project("{9A19103F-16F7-4668-BE54-9A1E7A4F7556}") = "Exercícios3_Q26", "Exercícios3_Q1\Exercícios3_Q26.csproj", "{86E68C13-151F-4422-8815-18BCF30F33F0}"
EndProject
Project("{9A19103F-16F7-4668-BE54-9A1E7A4F7556}") = "Exercícios3_Q27", "Exercícios3_Q2\Exercícios3_Q27.csproj", "{3763DCBC-0753-4F2C-A9DA-29FD18D62021}"
EndProject
Project("{9A19103F-16F7-4668-BE54-9A1E7A4F7556}") = "Exercícios3_Q28", "Exercícios3_Q28\Exercícios3_Q28.csproj", "{7BDAC382-E852-4854-9F46-C2D8DE423E26}"
EndProject
Project("{9A19103F-16F7-4668-BE54-9A1E7A4F7556}") = "Exercícios3_Q29", "Exercícios3_Q29\Exercícios3_Q29.csproj", "{0D4F3D0C-0C9F-4255-8709-8ABB47EBF196}"
EndProject
Project("{9A19103F-16F7-4668-BE54-9A1E7A4F7556}") = "Exercícios3_Q30", "Exercícios3_Q30\Exercícios3_Q30.csproj", "{6BD87F83-0799-4E3C-9760-6233B25DBF39}"
EndProject
Project("{9A19103F-16F7-4668-BE54-9A1E7A4F7556}") = "Exercícios3_Q31", "Exercícios3_Q31\Exercícios3_Q31.csproj", "{88A7DFD5-1744-42B8-B160-9B734A7561FE}"
EndProject
Project("{9A19103F-16F7-4668-BE54-9A1E7A4F7556}") = "Exercícios3_Q32", "Exercícios3_Q32\Exercícios3_Q32.csproj", "{3BCB655D-321E-4D9A-9A72-B3E8F6DDD7CC}"
EndProject
Project("{9A19103F-16F7-4668-BE54-9A1E7A4F7556}") = "Exercícios3_Q36", "Exercícios3_Q36\Exercícios3_Q36.csproj", "{33D5F868-32C1-4A7C-B32F-DAA41C0F6025}"
EndProject
Project("{FAE04EC0-301F-11D3-BF4B-00C04F79EFBC}") = "Exercícios3_Q45", "Exercícios3_Q45\Exercícios3_Q45.csproj", "{B9234D01-3940-4FC9-AE37-6164D2427F1F}"
EndProject
Project("{FAE04EC0-301F-11D3-BF4B-00C04F79EFBC}") = "Exercícios3_Q46", "Exercícios3_Q46\Exercícios3_Q46.csproj", "{E03C1EC6-9E47-4403-A7B5-8510B4C6298F}"
EndProject
Project("{FAE04EC0-301F-11D3-BF4B-00C04F79EFBC}") = "Exercícios3_Q47", "Exercícios3_Q47\Exercícios3_Q47.csproj", "{F22B4EFE-15E9-4F42-8346-F66C05000E9C}"
EndProject
Project("{FAE04EC0-301F-11D3-BF4B-00C04F79EFBC}") = "Exercícios3_Q48", "Exercícios3_Q48\Exercícios3_Q48.csproj", "{5675775E-1D4B-4CF8-A329-95D8C817D832}"
EndProject
Project("{FAE04EC0-301F-11D3-BF4B-00C04F79EFBC}") = "Exercícios3_Q49", "Exercícios3_Q49\Exercícios3_Q49.csproj", "{E6C8C844-C399-4C60-AB4F-7A20C02909DC}"
EndProject
Global
	GlobalSection(SolutionConfigurationPlatforms) = preSolution
		Debug|Any CPU = Debug|Any CPU
		Release|Any CPU = Release|Any CPU
	EndGlobalSection
	GlobalSection(ProjectConfigurationPlatforms) = postSolution
		{946B34BC-FE31-4660-8386-ED5D6673EFE5}.Debug|Any CPU.ActiveCfg = Debug|Any CPU
		{946B34BC-FE31-4660-8386-ED5D6673EFE5}.Debug|Any CPU.Build.0 = Debug|Any CPU
		{946B34BC-FE31-4660-8386-ED5D6673EFE5}.Release|Any CPU.ActiveCfg = Release|Any CPU
		{946B34BC-FE31-4660-8386-ED5D6673EFE5}.Release|Any CPU.Build.0 = Release|Any CPU
		{54546293-ABEF-43C1-88D5-9D0D887173CD}.Debug|Any CPU.ActiveCfg = Debug|Any CPU
		{54546293-ABEF-43C1-88D5-9D0D887173CD}.Debug|Any CPU.Build.0 = Debug|Any CPU
		{54546293-ABEF-43C1-88D5-9D0D887173CD}.Release|Any CPU.ActiveCfg = Release|Any CPU
		{54546293-ABEF-43C1-88D5-9D0D887173CD}.Release|Any CPU.Build.0 = Release|Any CPU
		{F4E1D393-EA56-44FA-B7BC-90AEF27E2547}.Debug|Any CPU.ActiveCfg = Debug|Any CPU
		{F4E1D393-EA56-44FA-B7BC-90AEF27E2547}.Debug|Any CPU.Build.0 = Debug|Any CPU
		{F4E1D393-EA56-44FA-B7BC-90AEF27E2547}.Release|Any CPU.ActiveCfg = Release|Any CPU
		{F4E1D393-EA56-44FA-B7BC-90AEF27E2547}.Release|Any CPU.Build.0 = Release|Any CPU
		{87046976-EBB3-4C87-8F76-B70AD6DE08BD}.Debug|Any CPU.ActiveCfg = Debug|Any CPU
		{87046976-EBB3-4C87-8F76-B70AD6DE08BD}.Debug|Any CPU.Build.0 = Debug|Any CPU
		{87046976-EBB3-4C87-8F76-B70AD6DE08BD}.Release|Any CPU.ActiveCfg = Release|Any CPU
		{87046976-EBB3-4C87-8F76-B70AD6DE08BD}.Release|Any CPU.Build.0 = Release|Any CPU
		{802C7DEA-281D-437B-90A2-74D338CD88F4}.Debug|Any CPU.ActiveCfg = Debug|Any CPU
		{802C7DEA-281D-437B-90A2-74D338CD88F4}.Debug|Any CPU.Build.0 = Debug|Any CPU
		{802C7DEA-281D-437B-90A2-74D338CD88F4}.Release|Any CPU.ActiveCfg = Release|Any CPU
		{802C7DEA-281D-437B-90A2-74D338CD88F4}.Release|Any CPU.Build.0 = Release|Any CPU
		{BA1AF008-D584-49EE-B348-50D10ADF3716}.Debug|Any CPU.ActiveCfg = Debug|Any CPU
		{BA1AF008-D584-49EE-B348-50D10ADF3716}.Debug|Any CPU.Build.0 = Debug|Any CPU
		{BA1AF008-D584-49EE-B348-50D10ADF3716}.Release|Any CPU.ActiveCfg = Release|Any CPU
		{BA1AF008-D584-49EE-B348-50D10ADF3716}.Release|Any CPU.Build.0 = Release|Any CPU
		{7AF21B86-8E64-42E3-A5BA-5FC880BFD053}.Debug|Any CPU.ActiveCfg = Debug|Any CPU
		{7AF21B86-8E64-42E3-A5BA-5FC880BFD053}.Debug|Any CPU.Build.0 = Debug|Any CPU
		{7AF21B86-8E64-42E3-A5BA-5FC880BFD053}.Release|Any CPU.ActiveCfg = Release|Any CPU
		{7AF21B86-8E64-42E3-A5BA-5FC880BFD053}.Release|Any CPU.Build.0 = Release|Any CPU
		{4B6DC6A7-36A5-401C-A085-595AB3675519}.Debug|Any CPU.ActiveCfg = Debug|Any CPU
		{4B6DC6A7-36A5-401C-A085-595AB3675519}.Debug|Any CPU.Build.0 = Debug|Any CPU
		{4B6DC6A7-36A5-401C-A085-595AB3675519}.Release|Any CPU.ActiveCfg = Release|Any CPU
		{4B6DC6A7-36A5-401C-A085-595AB3675519}.Release|Any CPU.Build.0 = Release|Any CPU
		{C07B6FEF-5B4C-49E3-8AFC-A6EB6ACD032E}.Debug|Any CPU.ActiveCfg = Debug|Any CPU
		{C07B6FEF-5B4C-49E3-8AFC-A6EB6ACD032E}.Debug|Any CPU.Build.0 = Debug|Any CPU
		{C07B6FEF-5B4C-49E3-8AFC-A6EB6ACD032E}.Release|Any CPU.ActiveCfg = Release|Any CPU
		{C07B6FEF-5B4C-49E3-8AFC-A6EB6ACD032E}.Release|Any CPU.Build.0 = Release|Any CPU
		{C4AA6237-9467-4F84-B31F-1D16BAFE0635}.Debug|Any CPU.ActiveCfg = Debug|Any CPU
		{C4AA6237-9467-4F84-B31F-1D16BAFE0635}.Debug|Any CPU.Build.0 = Debug|Any CPU
		{C4AA6237-9467-4F84-B31F-1D16BAFE0635}.Release|Any CPU.ActiveCfg = Release|Any CPU
		{C4AA6237-9467-4F84-B31F-1D16BAFE0635}.Release|Any CPU.Build.0 = Release|Any CPU
		{542EA15B-15DF-4E6E-8641-9D86FEB93B9C}.Debug|Any CPU.ActiveCfg = Debug|Any CPU
		{542EA15B-15DF-4E6E-8641-9D86FEB93B9C}.Debug|Any CPU.Build.0 = Debug|Any CPU
		{542EA15B-15DF-4E6E-8641-9D86FEB93B9C}.Release|Any CPU.ActiveCfg = Release|Any CPU
		{542EA15B-15DF-4E6E-8641-9D86FEB93B9C}.Release|Any CPU.Build.0 = Release|Any CPU
		{778493EF-8999-4B95-8060-EEF4FB5BF45B}.Debug|Any CPU.ActiveCfg = Debug|Any CPU
		{778493EF-8999-4B95-8060-EEF4FB5BF45B}.Debug|Any CPU.Build.0 = Debug|Any CPU
		{778493EF-8999-4B95-8060-EEF4FB5BF45B}.Release|Any CPU.ActiveCfg = Release|Any CPU
		{778493EF-8999-4B95-8060-EEF4FB5BF45B}.Release|Any CPU.Build.0 = Release|Any CPU
		{913C2DE5-0803-4F79-B84C-E71E92B6918B}.Debug|Any CPU.ActiveCfg = Debug|Any CPU
		{913C2DE5-0803-4F79-B84C-E71E92B6918B}.Debug|Any CPU.Build.0 = Debug|Any CPU
		{913C2DE5-0803-4F79-B84C-E71E92B6918B}.Release|Any CPU.ActiveCfg = Release|Any CPU
		{913C2DE5-0803-4F79-B84C-E71E92B6918B}.Release|Any CPU.Build.0 = Release|Any CPU
		{2CB7736B-D18A-4037-AD5C-508AB821B5A2}.Debug|Any CPU.ActiveCfg = Debug|Any CPU
		{2CB7736B-D18A-4037-AD5C-508AB821B5A2}.Debug|Any CPU.Build.0 = Debug|Any CPU
		{2CB7736B-D18A-4037-AD5C-508AB821B5A2}.Release|Any CPU.ActiveCfg = Release|Any CPU
		{2CB7736B-D18A-4037-AD5C-508AB821B5A2}.Release|Any CPU.Build.0 = Release|Any CPU
		{EC626D42-98BB-47FF-B426-30DC5E9B9A4D}.Debug|Any CPU.ActiveCfg = Debug|Any CPU
		{EC626D42-98BB-47FF-B426-30DC5E9B9A4D}.Debug|Any CPU.Build.0 = Debug|Any CPU
		{EC626D42-98BB-47FF-B426-30DC5E9B9A4D}.Release|Any CPU.ActiveCfg = Release|Any CPU
		{EC626D42-98BB-47FF-B426-30DC5E9B9A4D}.Release|Any CPU.Build.0 = Release|Any CPU
		{FE959860-BAC3-457A-B2F5-075E8D43C49B}.Debug|Any CPU.ActiveCfg = Debug|Any CPU
		{FE959860-BAC3-457A-B2F5-075E8D43C49B}.Debug|Any CPU.Build.0 = Debug|Any CPU
		{FE959860-BAC3-457A-B2F5-075E8D43C49B}.Release|Any CPU.ActiveCfg = Release|Any CPU
		{FE959860-BAC3-457A-B2F5-075E8D43C49B}.Release|Any CPU.Build.0 = Release|Any CPU
		{86E68C13-151F-4422-8815-18BCF30F33F0}.Debug|Any CPU.ActiveCfg = Debug|Any CPU
		{86E68C13-151F-4422-8815-18BCF30F33F0}.Debug|Any CPU.Build.0 = Debug|Any CPU
		{86E68C13-151F-4422-8815-18BCF30F33F0}.Release|Any CPU.ActiveCfg = Release|Any CPU
		{86E68C13-151F-4422-8815-18BCF30F33F0}.Release|Any CPU.Build.0 = Release|Any CPU
		{3763DCBC-0753-4F2C-A9DA-29FD18D62021}.Debug|Any CPU.ActiveCfg = Debug|Any CPU
		{3763DCBC-0753-4F2C-A9DA-29FD18D62021}.Debug|Any CPU.Build.0 = Debug|Any CPU
		{3763DCBC-0753-4F2C-A9DA-29FD18D62021}.Release|Any CPU.ActiveCfg = Release|Any CPU
		{3763DCBC-0753-4F2C-A9DA-29FD18D62021}.Release|Any CPU.Build.0 = Release|Any CPU
		{7BDAC382-E852-4854-9F46-C2D8DE423E26}.Debug|Any CPU.ActiveCfg = Debug|Any CPU
		{7BDAC382-E852-4854-9F46-C2D8DE423E26}.Debug|Any CPU.Build.0 = Debug|Any CPU
		{7BDAC382-E852-4854-9F46-C2D8DE423E26}.Release|Any CPU.ActiveCfg = Release|Any CPU
		{7BDAC382-E852-4854-9F46-C2D8DE423E26}.Release|Any CPU.Build.0 = Release|Any CPU
		{0D4F3D0C-0C9F-4255-8709-8ABB47EBF196}.Debug|Any CPU.ActiveCfg = Debug|Any CPU
		{0D4F3D0C-0C9F-4255-8709-8ABB47EBF196}.Debug|Any CPU.Build.0 = Debug|Any CPU
		{0D4F3D0C-0C9F-4255-8709-8ABB47EBF196}.Release|Any CPU.ActiveCfg = Release|Any CPU
		{0D4F3D0C-0C9F-4255-8709-8ABB47EBF196}.Release|Any CPU.Build.0 = Release|Any CPU
		{6BD87F83-0799-4E3C-9760-6233B25DBF39}.Debug|Any CPU.ActiveCfg = Debug|Any CPU
		{6BD87F83-0799-4E3C-9760-6233B25DBF39}.Debug|Any CPU.Build.0 = Debug|Any CPU
		{6BD87F83-0799-4E3C-9760-6233B25DBF39}.Release|Any CPU.ActiveCfg = Release|Any CPU
		{6BD87F83-0799-4E3C-9760-6233B25DBF39}.Release|Any CPU.Build.0 = Release|Any CPU
		{88A7DFD5-1744-42B8-B160-9B734A7561FE}.Debug|Any CPU.ActiveCfg = Debug|Any CPU
		{88A7DFD5-1744-42B8-B160-9B734A7561FE}.Debug|Any CPU.Build.0 = Debug|Any CPU
		{88A7DFD5-1744-42B8-B160-9B734A7561FE}.Release|Any CPU.ActiveCfg = Release|Any CPU
		{88A7DFD5-1744-42B8-B160-9B734A7561FE}.Release|Any CPU.Build.0 = Release|Any CPU
		{3BCB655D-321E-4D9A-9A72-B3E8F6DDD7CC}.Debug|Any CPU.ActiveCfg = Debug|Any CPU
		{3BCB655D-321E-4D9A-9A72-B3E8F6DDD7CC}.Debug|Any CPU.Build.0 = Debug|Any CPU
		{3BCB655D-321E-4D9A-9A72-B3E8F6DDD7CC}.Release|Any CPU.ActiveCfg = Release|Any CPU
		{3BCB655D-321E-4D9A-9A72-B3E8F6DDD7CC}.Release|Any CPU.Build.0 = Release|Any CPU
		{33D5F868-32C1-4A7C-B32F-DAA41C0F6025}.Debug|Any CPU.ActiveCfg = Debug|Any CPU
		{33D5F868-32C1-4A7C-B32F-DAA41C0F6025}.Debug|Any CPU.Build.0 = Debug|Any CPU
		{33D5F868-32C1-4A7C-B32F-DAA41C0F6025}.Release|Any CPU.ActiveCfg = Release|Any CPU
		{33D5F868-32C1-4A7C-B32F-DAA41C0F6025}.Release|Any CPU.Build.0 = Release|Any CPU
		{B9234D01-3940-4FC9-AE37-6164D2427F1F}.Debug|Any CPU.ActiveCfg = Debug|Any CPU
		{B9234D01-3940-4FC9-AE37-6164D2427F1F}.Debug|Any CPU.Build.0 = Debug|Any CPU
		{B9234D01-3940-4FC9-AE37-6164D2427F1F}.Release|Any CPU.ActiveCfg = Release|Any CPU
		{B9234D01-3940-4FC9-AE37-6164D2427F1F}.Release|Any CPU.Build.0 = Release|Any CPU
		{E03C1EC6-9E47-4403-A7B5-8510B4C6298F}.Debug|Any CPU.ActiveCfg = Debug|Any CPU
		{E03C1EC6-9E47-4403-A7B5-8510B4C6298F}.Debug|Any CPU.Build.0 = Debug|Any CPU
		{E03C1EC6-9E47-4403-A7B5-8510B4C6298F}.Release|Any CPU.ActiveCfg = Release|Any CPU
		{E03C1EC6-9E47-4403-A7B5-8510B4C6298F}.Release|Any CPU.Build.0 = Release|Any CPU
		{F22B4EFE-15E9-4F42-8346-F66C05000E9C}.Debug|Any CPU.ActiveCfg = Debug|Any CPU
		{F22B4EFE-15E9-4F42-8346-F66C05000E9C}.Debug|Any CPU.Build.0 = Debug|Any CPU
		{F22B4EFE-15E9-4F42-8346-F66C05000E9C}.Release|Any CPU.ActiveCfg = Release|Any CPU
		{F22B4EFE-15E9-4F42-8346-F66C05000E9C}.Release|Any CPU.Build.0 = Release|Any CPU
		{5675775E-1D4B-4CF8-A329-95D8C817D832}.Debug|Any CPU.ActiveCfg = Debug|Any CPU
		{5675775E-1D4B-4CF8-A329-95D8C817D832}.Debug|Any CPU.Build.0 = Debug|Any CPU
		{5675775E-1D4B-4CF8-A329-95D8C817D832}.Release|Any CPU.ActiveCfg = Release|Any CPU
		{5675775E-1D4B-4CF8-A329-95D8C817D832}.Release|Any CPU.Build.0 = Release|Any CPU
		{E6C8C844-C399-4C60-AB4F-7A20C02909DC}.Debug|Any CPU.ActiveCfg = Debug|Any CPU
		{E6C8C844-C399-4C60-AB4F-7A20C02909DC}.Debug|Any CPU.Build.0 = Debug|Any CPU
		{E6C8C844-C399-4C60-AB4F-7A20C02909DC}.Release|Any CPU.ActiveCfg = Release|Any CPU
		{E6C8C844-C399-4C60-AB4F-7A20C02909DC}.Release|Any CPU.Build.0 = Release|Any CPU
	EndGlobalSection
	GlobalSection(SolutionProperties) = preSolution
		HideSolutionNode = FALSE
	EndGlobalSection
	GlobalSection(ExtensibilityGlobals) = postSolution
		SolutionGuid = {6D3ED808-A428-4A86-A9FD-F280EFF43F7C}
	EndGlobalSection
EndGlobal
