
Microsoft Visual Studio Solution File, Format Version 12.00
# Visual Studio Version 16
VisualStudioVersion = 16.0.31321.278
MinimumVisualStudioVersion = 10.0.40219.1
Project("{9A19103F-16F7-4668-BE54-9A1E7A4F7556}") = "Forms_Exercício1_Q4", "Forms_Exercício1_Q4.csproj", "{5B83B809-C26C-4A95-A566-578F878FF7B5}"
EndProject
Global
	GlobalSection(SolutionConfigurationPlatforms) = preSolution
		Debug|Any CPU = Debug|Any CPU
		Release|Any CPU = Release|Any CPU
	EndGlobalSection
	GlobalSection(ProjectConfigurationPlatforms) = postSolution
		{5B83B809-C26C-4A95-A566-578F878FF7B5}.Debug|Any CPU.ActiveCfg = Debug|Any CPU
		{5B83B809-C26C-4A95-A566-578F878FF7B5}.Debug|Any CPU.Build.0 = Debug|Any CPU
		{5B83B809-C26C-4A95-A566-578F878FF7B5}.Release|Any CPU.ActiveCfg = Release|Any CPU
		{5B83B809-C26C-4A95-A566-578F878FF7B5}.Release|Any CPU.Build.0 = Release|Any CPU
	EndGlobalSection
	GlobalSection(SolutionProperties) = preSolution
		HideSolutionNode = FALSE
	EndGlobalSection
	GlobalSection(ExtensibilityGlobals) = postSolution
		SolutionGuid = {9C8BCFE6-FCE7-488C-8897-51395A08D728}
	EndGlobalSection
EndGlobal
